// !$*UTF8*$!
{
	archiveVersion = 1;
	classes = {
	};
	objectVersion = 46;
	objects = {

/* Begin PBXBuildFile section */
		D0501C221EA3EC5F00058B62 /* AppDelegate.swift in Sources */ = {isa = PBXBuildFile; fileRef = D0501C211EA3EC5F00058B62 /* AppDelegate.swift */; };
		D0501C291EA3EC6000058B62 /* Assets.xcassets in Resources */ = {isa = PBXBuildFile; fileRef = D0501C281EA3EC6000058B62 /* Assets.xcassets */; };
		D0501C2C1EA3EC6000058B62 /* LaunchScreen.storyboard in Resources */ = {isa = PBXBuildFile; fileRef = D0501C2A1EA3EC6000058B62 /* LaunchScreen.storyboard */; };
		D0501C3A1EA3ED8C00058B62 /* ARAApiService.swift in Sources */ = {isa = PBXBuildFile; fileRef = D0501C391EA3ED8C00058B62 /* ARAApiService.swift */; };
		D0501C3C1EA3EDD400058B62 /* ARAXMLApiService.swift in Sources */ = {isa = PBXBuildFile; fileRef = D0501C3B1EA3EDD400058B62 /* ARAXMLApiService.swift */; };
		D0501C3F1EA3EFE200058B62 /* UIImageView+ImageDownloader.swift in Sources */ = {isa = PBXBuildFile; fileRef = D0501C3E1EA3EFE200058B62 /* UIImageView+ImageDownloader.swift */; };
		D0501C411EA3FBB600058B62 /* ARALibraryService.swift in Sources */ = {isa = PBXBuildFile; fileRef = D0501C401EA3FBB600058B62 /* ARALibraryService.swift */; };
		D0501C471EA3FD7200058B62 /* Model.xcdatamodeld in Sources */ = {isa = PBXBuildFile; fileRef = D0501C451EA3FD7200058B62 /* Model.xcdatamodeld */; };
		D0501C4A1EA3FE6C00058B62 /* RssItem+CoreDataClass.swift in Sources */ = {isa = PBXBuildFile; fileRef = D0501C481EA3FE6C00058B62 /* RssItem+CoreDataClass.swift */; };
		D0501C4B1EA3FE6C00058B62 /* RssItem+CoreDataProperties.swift in Sources */ = {isa = PBXBuildFile; fileRef = D0501C491EA3FE6C00058B62 /* RssItem+CoreDataProperties.swift */; };
		D0501C4D1EA411CC00058B62 /* CoreDataTableViewController.swift in Sources */ = {isa = PBXBuildFile; fileRef = D0501C4C1EA411CC00058B62 /* CoreDataTableViewController.swift */; };
		D06CDE231EA69E7E0027E4DB /* ARAXMLParserService.swift in Sources */ = {isa = PBXBuildFile; fileRef = D06CDE221EA69E7E0027E4DB /* ARAXMLParserService.swift */; };
		D0B4AA601EA54B2A0054C776 /* ARAInitialScreen.storyboard in Resources */ = {isa = PBXBuildFile; fileRef = D0B4AA5F1EA54B2A0054C776 /* ARAInitialScreen.storyboard */; };
		D0B4AA621EA550B20054C776 /* ARAInitilalViewController.swift in Sources */ = {isa = PBXBuildFile; fileRef = D0B4AA611EA550B20054C776 /* ARAInitilalViewController.swift */; };
		D0B4AA671EA555420054C776 /* ARAApplicationManager.swift in Sources */ = {isa = PBXBuildFile; fileRef = D0B4AA661EA555420054C776 /* ARAApplicationManager.swift */; };
/* End PBXBuildFile section */

/* Begin PBXFileReference section */
		D0501C1E1EA3EC5F00058B62 /* AppleRssApp.app */ = {isa = PBXFileReference; explicitFileType = wrapper.application; includeInIndex = 0; path = AppleRssApp.app; sourceTree = BUILT_PRODUCTS_DIR; };
		D0501C211EA3EC5F00058B62 /* AppDelegate.swift */ = {isa = PBXFileReference; lastKnownFileType = sourcecode.swift; path = AppDelegate.swift; sourceTree = "<group>"; };
		D0501C281EA3EC6000058B62 /* Assets.xcassets */ = {isa = PBXFileReference; lastKnownFileType = folder.assetcatalog; path = Assets.xcassets; sourceTree = "<group>"; };
		D0501C2B1EA3EC6000058B62 /* Base */ = {isa = PBXFileReference; lastKnownFileType = file.storyboard; name = Base; path = Base.lproj/LaunchScreen.storyboard; sourceTree = "<group>"; };
		D0501C2D1EA3EC6000058B62 /* Info.plist */ = {isa = PBXFileReference; lastKnownFileType = text.plist.xml; path = Info.plist; sourceTree = "<group>"; };
		D0501C391EA3ED8C00058B62 /* ARAApiService.swift */ = {isa = PBXFileReference; fileEncoding = 4; lastKnownFileType = sourcecode.swift; path = ARAApiService.swift; sourceTree = "<group>"; };
		D0501C3B1EA3EDD400058B62 /* ARAXMLApiService.swift */ = {isa = PBXFileReference; fileEncoding = 4; lastKnownFileType = sourcecode.swift; path = ARAXMLApiService.swift; sourceTree = "<group>"; };
		D0501C3E1EA3EFE200058B62 /* UIImageView+ImageDownloader.swift */ = {isa = PBXFileReference; fileEncoding = 4; lastKnownFileType = sourcecode.swift; path = "UIImageView+ImageDownloader.swift"; sourceTree = "<group>"; };
		D0501C401EA3FBB600058B62 /* ARALibraryService.swift */ = {isa = PBXFileReference; fileEncoding = 4; lastKnownFileType = sourcecode.swift; path = ARALibraryService.swift; sourceTree = "<group>"; };
		D0501C461EA3FD7200058B62 /* Model.xcdatamodel */ = {isa = PBXFileReference; lastKnownFileType = wrapper.xcdatamodel; path = Model.xcdatamodel; sourceTree = "<group>"; };
		D0501C481EA3FE6C00058B62 /* RssItem+CoreDataClass.swift */ = {isa = PBXFileReference; fileEncoding = 4; lastKnownFileType = sourcecode.swift; path = "RssItem+CoreDataClass.swift"; sourceTree = "<group>"; };
		D0501C491EA3FE6C00058B62 /* RssItem+CoreDataProperties.swift */ = {isa = PBXFileReference; fileEncoding = 4; lastKnownFileType = sourcecode.swift; path = "RssItem+CoreDataProperties.swift"; sourceTree = "<group>"; };
		D0501C4C1EA411CC00058B62 /* CoreDataTableViewController.swift */ = {isa = PBXFileReference; fileEncoding = 4; lastKnownFileType = sourcecode.swift; path = CoreDataTableViewController.swift; sourceTree = "<group>"; };
		D06CDE221EA69E7E0027E4DB /* ARAXMLParserService.swift */ = {isa = PBXFileReference; fileEncoding = 4; lastKnownFileType = sourcecode.swift; path = ARAXMLParserService.swift; sourceTree = "<group>"; };
		D0B4AA5F1EA54B2A0054C776 /* ARAInitialScreen.storyboard */ = {isa = PBXFileReference; fileEncoding = 4; lastKnownFileType = file.storyboard; path = ARAInitialScreen.storyboard; sourceTree = "<group>"; };
		D0B4AA611EA550B20054C776 /* ARAInitilalViewController.swift */ = {isa = PBXFileReference; fileEncoding = 4; lastKnownFileType = sourcecode.swift; path = ARAInitilalViewController.swift; sourceTree = "<group>"; };
		D0B4AA661EA555420054C776 /* ARAApplicationManager.swift */ = {isa = PBXFileReference; fileEncoding = 4; lastKnownFileType = sourcecode.swift; path = ARAApplicationManager.swift; sourceTree = "<group>"; };
/* End PBXFileReference section */

/* Begin PBXFrameworksBuildPhase section */
		D0501C1B1EA3EC5F00058B62 /* Frameworks */ = {
			isa = PBXFrameworksBuildPhase;
			buildActionMask = 2147483647;
			files = (
			);
			runOnlyForDeploymentPostprocessing = 0;
		};
/* End PBXFrameworksBuildPhase section */

/* Begin PBXGroup section */
		D0501C151EA3EC5E00058B62 = {
			isa = PBXGroup;
			children = (
				D0501C201EA3EC5F00058B62 /* AppleRssApp */,
				D0501C1F1EA3EC5F00058B62 /* Products */,
			);
			sourceTree = "<group>";
		};
		D0501C1F1EA3EC5F00058B62 /* Products */ = {
			isa = PBXGroup;
			children = (
				D0501C1E1EA3EC5F00058B62 /* AppleRssApp.app */,
			);
			name = Products;
			sourceTree = "<group>";
		};
		D0501C201EA3EC5F00058B62 /* AppleRssApp */ = {
			isa = PBXGroup;
			children = (
				D0501C441EA3FD4D00058B62 /* Core Data */,
				D0501C3D1EA3EFC000058B62 /* Extensions */,
				D0501C381EA3ED1000058B62 /* Presentation */,
				D0501C371EA3ED0400058B62 /* Services */,
				D0501C351EA3ECE900058B62 /* Application Layer */,
				D0501C341EA3ECD700058B62 /* Supporting Files */,
			);
			path = AppleRssApp;
			sourceTree = "<group>";
		};
		D0501C341EA3ECD700058B62 /* Supporting Files */ = {
			isa = PBXGroup;
			children = (
				D0501C281EA3EC6000058B62 /* Assets.xcassets */,
				D0501C2A1EA3EC6000058B62 /* LaunchScreen.storyboard */,
				D0501C2D1EA3EC6000058B62 /* Info.plist */,
			);
			name = "Supporting Files";
			sourceTree = "<group>";
		};
		D0501C351EA3ECE900058B62 /* Application Layer */ = {
			isa = PBXGroup;
			children = (
				D0501C211EA3EC5F00058B62 /* AppDelegate.swift */,
				D0B4AA661EA555420054C776 /* ARAApplicationManager.swift */,
			);
			name = "Application Layer";
			sourceTree = "<group>";
		};
		D0501C371EA3ED0400058B62 /* Services */ = {
			isa = PBXGroup;
			children = (
				D0501C391EA3ED8C00058B62 /* ARAApiService.swift */,
				D0501C3B1EA3EDD400058B62 /* ARAXMLApiService.swift */,
				D0501C401EA3FBB600058B62 /* ARALibraryService.swift */,
				D06CDE221EA69E7E0027E4DB /* ARAXMLParserService.swift */,
			);
			name = Services;
			sourceTree = "<group>";
		};
		D0501C381EA3ED1000058B62 /* Presentation */ = {
			isa = PBXGroup;
			children = (
				D0B4AA631EA554BD0054C776 /* Initial Screen */,
			);
			name = Presentation;
			sourceTree = "<group>";
		};
		D0501C3D1EA3EFC000058B62 /* Extensions */ = {
			isa = PBXGroup;
			children = (
				D0501C3E1EA3EFE200058B62 /* UIImageView+ImageDownloader.swift */,
			);
			name = Extensions;
			sourceTree = "<group>";
		};
		D0501C441EA3FD4D00058B62 /* Core Data */ = {
			isa = PBXGroup;
			children = (
				D0501C4C1EA411CC00058B62 /* CoreDataTableViewController.swift */,
				D0501C481EA3FE6C00058B62 /* RssItem+CoreDataClass.swift */,
				D0501C491EA3FE6C00058B62 /* RssItem+CoreDataProperties.swift */,
				D0501C451EA3FD7200058B62 /* Model.xcdatamodeld */,
			);
			name = "Core Data";
			sourceTree = "<group>";
		};
		D0B4AA631EA554BD0054C776 /* Initial Screen */ = {
			isa = PBXGroup;
			children = (
				D0B4AA5F1EA54B2A0054C776 /* ARAInitialScreen.storyboard */,
				D0B4AA611EA550B20054C776 /* ARAInitilalViewController.swift */,
			);
			name = "Initial Screen";
			sourceTree = "<group>";
		};
/* End PBXGroup section */

/* Begin PBXNativeTarget section */
		D0501C1D1EA3EC5F00058B62 /* AppleRssApp */ = {
			isa = PBXNativeTarget;
			buildConfigurationList = D0501C301EA3EC6000058B62 /* Build configuration list for PBXNativeTarget "AppleRssApp" */;
			buildPhases = (
				D0501C1A1EA3EC5F00058B62 /* Sources */,
				D0501C1B1EA3EC5F00058B62 /* Frameworks */,
				D0501C1C1EA3EC5F00058B62 /* Resources */,
			);
			buildRules = (
			);
			dependencies = (
			);
			name = AppleRssApp;
			productName = AppleRssApp;
			productReference = D0501C1E1EA3EC5F00058B62 /* AppleRssApp.app */;
			productType = "com.apple.product-type.application";
		};
/* End PBXNativeTarget section */

/* Begin PBXProject section */
		D0501C161EA3EC5E00058B62 /* Project object */ = {
			isa = PBXProject;
			attributes = {
				LastSwiftUpdateCheck = 0820;
				LastUpgradeCheck = 0820;
				ORGANIZATIONNAME = "Ivashin Dmitry";
				TargetAttributes = {
					D0501C1D1EA3EC5F00058B62 = {
						CreatedOnToolsVersion = 8.2;
						ProvisioningStyle = Automatic;
					};
				};
			};
			buildConfigurationList = D0501C191EA3EC5E00058B62 /* Build configuration list for PBXProject "AppleRssApp" */;
			compatibilityVersion = "Xcode 3.2";
			developmentRegion = English;
			hasScannedForEncodings = 0;
			knownRegions = (
				en,
				Base,
			);
			mainGroup = D0501C151EA3EC5E00058B62;
			productRefGroup = D0501C1F1EA3EC5F00058B62 /* Products */;
			projectDirPath = "";
			projectRoot = "";
			targets = (
				D0501C1D1EA3EC5F00058B62 /* AppleRssApp */,
			);
		};
/* End PBXProject section */

/* Begin PBXResourcesBuildPhase section */
		D0501C1C1EA3EC5F00058B62 /* Resources */ = {
			isa = PBXResourcesBuildPhase;
			buildActionMask = 2147483647;
			files = (
				D0B4AA601EA54B2A0054C776 /* ARAInitialScreen.storyboard in Resources */,
				D0501C2C1EA3EC6000058B62 /* LaunchScreen.storyboard in Resources */,
				D0501C291EA3EC6000058B62 /* Assets.xcassets in Resources */,
			);
			runOnlyForDeploymentPostprocessing = 0;
		};
/* End PBXResourcesBuildPhase section */

/* Begin PBXSourcesBuildPhase section */
		D0501C1A1EA3EC5F00058B62 /* Sources */ = {
			isa = PBXSourcesBuildPhase;
			buildActionMask = 2147483647;
			files = (
				D0501C221EA3EC5F00058B62 /* AppDelegate.swift in Sources */,
				D0501C4A1EA3FE6C00058B62 /* RssItem+CoreDataClass.swift in Sources */,
				D0501C4B1EA3FE6C00058B62 /* RssItem+CoreDataProperties.swift in Sources */,
				D06CDE231EA69E7E0027E4DB /* ARAXMLParserService.swift in Sources */,
				D0B4AA621EA550B20054C776 /* ARAInitilalViewController.swift in Sources */,
				D0501C3C1EA3EDD400058B62 /* ARAXMLApiService.swift in Sources */,
				D0501C411EA3FBB600058B62 /* ARALibraryService.swift in Sources */,
				D0501C471EA3FD7200058B62 /* Model.xcdatamodeld in Sources */,
				D0501C3A1EA3ED8C00058B62 /* ARAApiService.swift in Sources */,
				D0501C4D1EA411CC00058B62 /* CoreDataTableViewController.swift in Sources */,
				D0B4AA671EA555420054C776 /* ARAApplicationManager.swift in Sources */,
				D0501C3F1EA3EFE200058B62 /* UIImageView+ImageDownloader.swift in Sources */,
			);
			runOnlyForDeploymentPostprocessing = 0;
		};
/* End PBXSourcesBuildPhase section */

/* Begin PBXVariantGroup section */
		D0501C2A1EA3EC6000058B62 /* LaunchScreen.storyboard */ = {
			isa = PBXVariantGroup;
			children = (
				D0501C2B1EA3EC6000058B62 /* Base */,
			);
			name = LaunchScreen.storyboard;
			sourceTree = "<group>";
		};
/* End PBXVariantGroup section */

/* Begin XCBuildConfiguration section */
		D0501C2E1EA3EC6000058B62 /* Debug */ = {
			isa = XCBuildConfiguration;
			buildSettings = {
				ALWAYS_SEARCH_USER_PATHS = NO;
				CLANG_ANALYZER_NONNULL = YES;
				CLANG_CXX_LANGUAGE_STANDARD = "gnu++0x";
				CLANG_CXX_LIBRARY = "libc++";
				CLANG_ENABLE_MODULES = YES;
				CLANG_ENABLE_OBJC_ARC = YES;
				CLANG_WARN_BOOL_CONVERSION = YES;
				CLANG_WARN_CONSTANT_CONVERSION = YES;
				CLANG_WARN_DIRECT_OBJC_ISA_USAGE = YES_ERROR;
				CLANG_WARN_DOCUMENTATION_COMMENTS = YES;
				CLANG_WARN_EMPTY_BODY = YES;
				CLANG_WARN_ENUM_CONVERSION = YES;
				CLANG_WARN_INFINITE_RECURSION = YES;
				CLANG_WARN_INT_CONVERSION = YES;
				CLANG_WARN_OBJC_ROOT_CLASS = YES_ERROR;
				CLANG_WARN_SUSPICIOUS_MOVE = YES;
				CLANG_WARN_UNREACHABLE_CODE = YES;
				CLANG_WARN__DUPLICATE_METHOD_MATCH = YES;
				"CODE_SIGN_IDENTITY[sdk=iphoneos*]" = "iPhone Developer";
				COPY_PHASE_STRIP = NO;
				DEBUG_INFORMATION_FORMAT = dwarf;
				ENABLE_STRICT_OBJC_MSGSEND = YES;
				ENABLE_TESTABILITY = YES;
				GCC_C_LANGUAGE_STANDARD = gnu99;
				GCC_DYNAMIC_NO_PIC = NO;
				GCC_NO_COMMON_BLOCKS = YES;
				GCC_OPTIMIZATION_LEVEL = 0;
				GCC_PREPROCESSOR_DEFINITIONS = (
					"DEBUG=1",
					"$(inherited)",
				);
				GCC_WARN_64_TO_32_BIT_CONVERSION = YES;
				GCC_WARN_ABOUT_RETURN_TYPE = YES_ERROR;
				GCC_WARN_UNDECLARED_SELECTOR = YES;
				GCC_WARN_UNINITIALIZED_AUTOS = YES_AGGRESSIVE;
				GCC_WARN_UNUSED_FUNCTION = YES;
				GCC_WARN_UNUSED_VARIABLE = YES;
				IPHONEOS_DEPLOYMENT_TARGET = 10.2;
				MTL_ENABLE_DEBUG_INFO = YES;
				ONLY_ACTIVE_ARCH = YES;
				SDKROOT = iphoneos;
				SWIFT_ACTIVE_COMPILATION_CONDITIONS = DEBUG;
				SWIFT_OPTIMIZATION_LEVEL = "-Onone";
			};
			name = Debug;
		};
		D0501C2F1EA3EC6000058B62 /* Release */ = {
			isa = XCBuildConfiguration;
			buildSettings = {
				ALWAYS_SEARCH_USER_PATHS = NO;
				CLANG_ANALYZER_NONNULL = YES;
				CLANG_CXX_LANGUAGE_STANDARD = "gnu++0x";
				CLANG_CXX_LIBRARY = "libc++";
				CLANG_ENABLE_MODULES = YES;
				CLANG_ENABLE_OBJC_ARC = YES;
				CLANG_WARN_BOOL_CONVERSION = YES;
				CLANG_WARN_CONSTANT_CONVERSION = YES;
				CLANG_WARN_DIRECT_OBJC_ISA_USAGE = YES_ERROR;
				CLANG_WARN_DOCUMENTATION_COMMENTS = YES;
				CLANG_WARN_EMPTY_BODY = YES;
				CLANG_WARN_ENUM_CONVERSION = YES;
				CLANG_WARN_INFINITE_RECURSION = YES;
				CLANG_WARN_INT_CONVERSION = YES;
				CLANG_WARN_OBJC_ROOT_CLASS = YES_ERROR;
				CLANG_WARN_SUSPICIOUS_MOVE = YES;
				CLANG_WARN_UNREACHABLE_CODE = YES;
				CLANG_WARN__DUPLICATE_METHOD_MATCH = YES;
				"CODE_SIGN_IDENTITY[sdk=iphoneos*]" = "iPhone Developer";
				COPY_PHASE_STRIP = NO;
				DEBUG_INFORMATION_FORMAT = "dwarf-with-dsym";
				ENABLE_NS_ASSERTIONS = NO;
				ENABLE_STRICT_OBJC_MSGSEND = YES;
				GCC_C_LANGUAGE_STANDARD = gnu99;
				GCC_NO_COMMON_BLOCKS = YES;
				GCC_WARN_64_TO_32_BIT_CONVERSION = YES;
				GCC_WARN_ABOUT_RETURN_TYPE = YES_ERROR;
				GCC_WARN_UNDECLARED_SELECTOR = YES;
				GCC_WARN_UNINITIALIZED_AUTOS = YES_AGGRESSIVE;
				GCC_WARN_UNUSED_FUNCTION = YES;
				GCC_WARN_UNUSED_VARIABLE = YES;
				IPHONEOS_DEPLOYMENT_TARGET = 10.2;
				MTL_ENABLE_DEBUG_INFO = NO;
				SDKROOT = iphoneos;
				SWIFT_OPTIMIZATION_LEVEL = "-Owholemodule";
				VALIDATE_PRODUCT = YES;
			};
			name = Release;
		};
		D0501C311EA3EC6000058B62 /* Debug */ = {
			isa = XCBuildConfiguration;
			buildSettings = {
				ASSETCATALOG_COMPILER_APPICON_NAME = AppIcon;
				INFOPLIST_FILE = AppleRssApp/Info.plist;
				LD_RUNPATH_SEARCH_PATHS = "$(inherited) @executable_path/Frameworks";
				PRODUCT_BUNDLE_IDENTIFIER = MyCompany.AppleRssApp;
				PRODUCT_NAME = "$(TARGET_NAME)";
				SWIFT_VERSION = 3.0;
			};
			name = Debug;
		};
		D0501C321EA3EC6000058B62 /* Release */ = {
			isa = XCBuildConfiguration;
			buildSettings = {
				ASSETCATALOG_COMPILER_APPICON_NAME = AppIcon;
				INFOPLIST_FILE = AppleRssApp/Info.plist;
				LD_RUNPATH_SEARCH_PATHS = "$(inherited) @executable_path/Frameworks";
				PRODUCT_BUNDLE_IDENTIFIER = MyCompany.AppleRssApp;
				PRODUCT_NAME = "$(TARGET_NAME)";
				SWIFT_VERSION = 3.0;
			};
			name = Release;
		};
/* End XCBuildConfiguration section */

/* Begin XCConfigurationList section */
		D0501C191EA3EC5E00058B62 /* Build configuration list for PBXProject "AppleRssApp" */ = {
			isa = XCConfigurationList;
			buildConfigurations = (
				D0501C2E1EA3EC6000058B62 /* Debug */,
				D0501C2F1EA3EC6000058B62 /* Release */,
			);
			defaultConfigurationIsVisible = 0;
			defaultConfigurationName = Release;
		};
		D0501C301EA3EC6000058B62 /* Build configuration list for PBXNativeTarget "AppleRssApp" */ = {
			isa = XCConfigurationList;
			buildConfigurations = (
				D0501C311EA3EC6000058B62 /* Debug */,
				D0501C321EA3EC6000058B62 /* Release */,
			);
			defaultConfigurationIsVisible = 0;
			defaultConfigurationName = Release;
		};
/* End XCConfigurationList section */

/* Begin XCVersionGroup section */
		D0501C451EA3FD7200058B62 /* Model.xcdatamodeld */ = {
			isa = XCVersionGroup;
			children = (
				D0501C461EA3FD7200058B62 /* Model.xcdatamodel */,
			);
			currentVersion = D0501C461EA3FD7200058B62 /* Model.xcdatamodel */;
			path = Model.xcdatamodeld;
			sourceTree = "<group>";
			versionGroupType = wrapper.xcdatamodel;
		};
/* End XCVersionGroup section */
	};
	rootObject = D0501C161EA3EC5E00058B62 /* Project object */;
}
